
Microsoft Visual Studio Solution File, Format Version 12.00
# Visual Studio Version 16
VisualStudioVersion = 16.0.31402.337
MinimumVisualStudioVersion = 10.0.40219.1
Project("{FAE04EC0-301F-11D3-BF4B-00C04F79EFBC}") = "DevexpresDashboard", "DevexpresDashboard\DevexpresDashboard.csproj", "{DC057C9B-ADDB-4D43-AAE4-63CB86F246FD}"
EndProject
Global
	GlobalSection(SolutionConfigurationPlatforms) = preSolution
		Debug|Any CPU = Debug|Any CPU
		Release|Any CPU = Release|Any CPU
	EndGlobalSection
	GlobalSection(ProjectConfigurationPlatforms) = postSolution
		{DC057C9B-ADDB-4D43-AAE4-63CB86F246FD}.Debug|Any CPU.ActiveCfg = Debug|Any CPU
		{DC057C9B-ADDB-4D43-AAE4-63CB86F246FD}.Debug|Any CPU.Build.0 = Debug|Any CPU
		{DC057C9B-ADDB-4D43-AAE4-63CB86F246FD}.Release|Any CPU.ActiveCfg = Release|Any CPU
		{DC057C9B-ADDB-4D43-AAE4-63CB86F246FD}.Release|Any CPU.Build.0 = Release|Any CPU
	EndGlobalSection
	GlobalSection(SolutionProperties) = preSolution
		HideSolutionNode = FALSE
	EndGlobalSection
	GlobalSection(ExtensibilityGlobals) = postSolution
		SolutionGuid = {CCC9BBBE-A638-467E-B7B1-D116EACF9506}
	EndGlobalSection
EndGlobal
